
Microsoft Visual Studio Solution File, Format Version 12.00
# Visual Studio 2013
VisualStudioVersion = 12.0.21005.1
MinimumVisualStudioVersion = 10.0.40219.1
Project("{FAE04EC0-301F-11D3-BF4B-00C04F79EFBC}") = "SQLiteEntities", "SQLiteEntities\SQLiteEntities.csproj", "{AA72585F-3245-4B34-8D1D-8F5E72E29A8B}"
EndProject
Global
	GlobalSection(SolutionConfigurationPlatforms) = preSolution
		Debug|Any CPU = Debug|Any CPU
		Release|Any CPU = Release|Any CPU
	EndGlobalSection
	GlobalSection(ProjectConfigurationPlatforms) = postSolution
		{AA72585F-3245-4B34-8D1D-8F5E72E29A8B}.Debug|Any CPU.ActiveCfg = Debug|Any CPU
		{AA72585F-3245-4B34-8D1D-8F5E72E29A8B}.Debug|Any CPU.Build.0 = Debug|Any CPU
		{AA72585F-3245-4B34-8D1D-8F5E72E29A8B}.Release|Any CPU.ActiveCfg = Release|Any CPU
		{AA72585F-3245-4B34-8D1D-8F5E72E29A8B}.Release|Any CPU.Build.0 = Release|Any CPU
	EndGlobalSection
	GlobalSection(SolutionProperties) = preSolution
		HideSolutionNode = FALSE
	EndGlobalSection
EndGlobal
